
Microsoft Visual Studio Solution File, Format Version 12.00
# Visual Studio Version 16
VisualStudioVersion = 16.0.32228.343
MinimumVisualStudioVersion = 10.0.40219.1
Project("{2150E333-8FDC-42A3-9474-1A3956D46DE8}") = "Services", "Services", "{CED38625-C946-407D-9943-9A094FF835F8}"
EndProject
Project("{2150E333-8FDC-42A3-9474-1A3956D46DE8}") = "Catalog", "Catalog", "{13817BC2-D771-4072-86AF-2F7E7D4413CC}"
EndProject
Project("{9A19103F-16F7-4668-BE54-9A1E7A4F7556}") = "Catalog.API", "Services\Catalog\Catalog.API\Catalog.API.csproj", "{49DC6F1F-7AB9-431C-AF1D-80B921094676}"
EndProject
Project("{E53339B2-1760-4266-BCC7-CA923CBCF16C}") = "docker-compose", "docker-compose.dcproj", "{4E60E561-B9B5-40F9-98B1-30B584EE6531}"
EndProject
Project("{2150E333-8FDC-42A3-9474-1A3956D46DE8}") = "Basket", "Basket", "{545E2882-A3C4-47B8-83EC-4EE29DC44EAD}"
EndProject
Project("{9A19103F-16F7-4668-BE54-9A1E7A4F7556}") = "Basket.API", "Services\Basket\Basket.API\Basket.API.csproj", "{5D9E41E3-11BE-4C00-8609-AA819B49372C}"
EndProject
Project("{2150E333-8FDC-42A3-9474-1A3956D46DE8}") = "Discount", "Discount", "{8F06A2A8-04E1-4754-B9ED-827C46F0E063}"
EndProject
Project("{9A19103F-16F7-4668-BE54-9A1E7A4F7556}") = "Discount.API", "Services\Discount\Discount.API\Discount.API.csproj", "{E09E3121-344B-433D-84F5-448D6A6717AF}"
EndProject
Project("{9A19103F-16F7-4668-BE54-9A1E7A4F7556}") = "Discount.Grpc", "Services\Discount\Discount.Grpc\Discount.Grpc.csproj", "{B1F9BD33-C0B7-4B68-8A8D-C87A90105AEE}"
EndProject
Project("{2150E333-8FDC-42A3-9474-1A3956D46DE8}") = "Ordering", "Ordering", "{F6D051D7-C7AD-48EA-BD82-B011EFA60BB0}"
EndProject
Project("{9A19103F-16F7-4668-BE54-9A1E7A4F7556}") = "Ordering.API", "Services\Ordering\Ordering.API\Ordering.API.csproj", "{A00CB28A-E5EF-4E5D-9D43-BC9167899DD8}"
EndProject
Project("{9A19103F-16F7-4668-BE54-9A1E7A4F7556}") = "Ordering.Domain", "Services\Ordering\Ordering.Domain\Ordering.Domain.csproj", "{E543A4B9-0DB7-4E28-ACE3-BA15FFF6480A}"
EndProject
Project("{9A19103F-16F7-4668-BE54-9A1E7A4F7556}") = "Ordering.Application", "Services\Ordering\Ordering.Application\Ordering.Application.csproj", "{BF2D4616-9AFE-4021-9481-349A74259AF8}"
EndProject
Project("{9A19103F-16F7-4668-BE54-9A1E7A4F7556}") = "Ordering.Infrastructure", "Services\Ordering\Ordering.Infrastructure\Ordering.Infrastructure.csproj", "{0A356EB3-5C76-4EA2-B942-7B7CB210260A}"
EndProject
Global
	GlobalSection(SolutionConfigurationPlatforms) = preSolution
		Debug|Any CPU = Debug|Any CPU
		Release|Any CPU = Release|Any CPU
	EndGlobalSection
	GlobalSection(ProjectConfigurationPlatforms) = postSolution
		{49DC6F1F-7AB9-431C-AF1D-80B921094676}.Debug|Any CPU.ActiveCfg = Debug|Any CPU
		{49DC6F1F-7AB9-431C-AF1D-80B921094676}.Debug|Any CPU.Build.0 = Debug|Any CPU
		{49DC6F1F-7AB9-431C-AF1D-80B921094676}.Release|Any CPU.ActiveCfg = Release|Any CPU
		{49DC6F1F-7AB9-431C-AF1D-80B921094676}.Release|Any CPU.Build.0 = Release|Any CPU
		{4E60E561-B9B5-40F9-98B1-30B584EE6531}.Debug|Any CPU.ActiveCfg = Debug|Any CPU
		{4E60E561-B9B5-40F9-98B1-30B584EE6531}.Debug|Any CPU.Build.0 = Debug|Any CPU
		{4E60E561-B9B5-40F9-98B1-30B584EE6531}.Release|Any CPU.ActiveCfg = Release|Any CPU
		{4E60E561-B9B5-40F9-98B1-30B584EE6531}.Release|Any CPU.Build.0 = Release|Any CPU
		{5D9E41E3-11BE-4C00-8609-AA819B49372C}.Debug|Any CPU.ActiveCfg = Debug|Any CPU
		{5D9E41E3-11BE-4C00-8609-AA819B49372C}.Debug|Any CPU.Build.0 = Debug|Any CPU
		{5D9E41E3-11BE-4C00-8609-AA819B49372C}.Release|Any CPU.ActiveCfg = Release|Any CPU
		{5D9E41E3-11BE-4C00-8609-AA819B49372C}.Release|Any CPU.Build.0 = Release|Any CPU
		{E09E3121-344B-433D-84F5-448D6A6717AF}.Debug|Any CPU.ActiveCfg = Debug|Any CPU
		{E09E3121-344B-433D-84F5-448D6A6717AF}.Debug|Any CPU.Build.0 = Debug|Any CPU
		{E09E3121-344B-433D-84F5-448D6A6717AF}.Release|Any CPU.ActiveCfg = Release|Any CPU
		{E09E3121-344B-433D-84F5-448D6A6717AF}.Release|Any CPU.Build.0 = Release|Any CPU
		{B1F9BD33-C0B7-4B68-8A8D-C87A90105AEE}.Debug|Any CPU.ActiveCfg = Debug|Any CPU
		{B1F9BD33-C0B7-4B68-8A8D-C87A90105AEE}.Debug|Any CPU.Build.0 = Debug|Any CPU
		{B1F9BD33-C0B7-4B68-8A8D-C87A90105AEE}.Release|Any CPU.ActiveCfg = Release|Any CPU
		{B1F9BD33-C0B7-4B68-8A8D-C87A90105AEE}.Release|Any CPU.Build.0 = Release|Any CPU
		{A00CB28A-E5EF-4E5D-9D43-BC9167899DD8}.Debug|Any CPU.ActiveCfg = Debug|Any CPU
		{A00CB28A-E5EF-4E5D-9D43-BC9167899DD8}.Debug|Any CPU.Build.0 = Debug|Any CPU
		{A00CB28A-E5EF-4E5D-9D43-BC9167899DD8}.Release|Any CPU.ActiveCfg = Release|Any CPU
		{A00CB28A-E5EF-4E5D-9D43-BC9167899DD8}.Release|Any CPU.Build.0 = Release|Any CPU
		{E543A4B9-0DB7-4E28-ACE3-BA15FFF6480A}.Debug|Any CPU.ActiveCfg = Debug|Any CPU
		{E543A4B9-0DB7-4E28-ACE3-BA15FFF6480A}.Debug|Any CPU.Build.0 = Debug|Any CPU
		{E543A4B9-0DB7-4E28-ACE3-BA15FFF6480A}.Release|Any CPU.ActiveCfg = Release|Any CPU
		{E543A4B9-0DB7-4E28-ACE3-BA15FFF6480A}.Release|Any CPU.Build.0 = Release|Any CPU
		{BF2D4616-9AFE-4021-9481-349A74259AF8}.Debug|Any CPU.ActiveCfg = Debug|Any CPU
		{BF2D4616-9AFE-4021-9481-349A74259AF8}.Debug|Any CPU.Build.0 = Debug|Any CPU
		{BF2D4616-9AFE-4021-9481-349A74259AF8}.Release|Any CPU.ActiveCfg = Release|Any CPU
		{BF2D4616-9AFE-4021-9481-349A74259AF8}.Release|Any CPU.Build.0 = Release|Any CPU
		{0A356EB3-5C76-4EA2-B942-7B7CB210260A}.Debug|Any CPU.ActiveCfg = Debug|Any CPU
		{0A356EB3-5C76-4EA2-B942-7B7CB210260A}.Debug|Any CPU.Build.0 = Debug|Any CPU
		{0A356EB3-5C76-4EA2-B942-7B7CB210260A}.Release|Any CPU.ActiveCfg = Release|Any CPU
		{0A356EB3-5C76-4EA2-B942-7B7CB210260A}.Release|Any CPU.Build.0 = Release|Any CPU
	EndGlobalSection
	GlobalSection(SolutionProperties) = preSolution
		HideSolutionNode = FALSE
	EndGlobalSection
	GlobalSection(NestedProjects) = preSolution
		{13817BC2-D771-4072-86AF-2F7E7D4413CC} = {CED38625-C946-407D-9943-9A094FF835F8}
		{49DC6F1F-7AB9-431C-AF1D-80B921094676} = {13817BC2-D771-4072-86AF-2F7E7D4413CC}
		{545E2882-A3C4-47B8-83EC-4EE29DC44EAD} = {CED38625-C946-407D-9943-9A094FF835F8}
		{5D9E41E3-11BE-4C00-8609-AA819B49372C} = {545E2882-A3C4-47B8-83EC-4EE29DC44EAD}
		{8F06A2A8-04E1-4754-B9ED-827C46F0E063} = {CED38625-C946-407D-9943-9A094FF835F8}
		{E09E3121-344B-433D-84F5-448D6A6717AF} = {8F06A2A8-04E1-4754-B9ED-827C46F0E063}
		{B1F9BD33-C0B7-4B68-8A8D-C87A90105AEE} = {8F06A2A8-04E1-4754-B9ED-827C46F0E063}
		{F6D051D7-C7AD-48EA-BD82-B011EFA60BB0} = {CED38625-C946-407D-9943-9A094FF835F8}
		{A00CB28A-E5EF-4E5D-9D43-BC9167899DD8} = {F6D051D7-C7AD-48EA-BD82-B011EFA60BB0}
		{E543A4B9-0DB7-4E28-ACE3-BA15FFF6480A} = {F6D051D7-C7AD-48EA-BD82-B011EFA60BB0}
		{BF2D4616-9AFE-4021-9481-349A74259AF8} = {F6D051D7-C7AD-48EA-BD82-B011EFA60BB0}
		{0A356EB3-5C76-4EA2-B942-7B7CB210260A} = {F6D051D7-C7AD-48EA-BD82-B011EFA60BB0}
	EndGlobalSection
	GlobalSection(ExtensibilityGlobals) = postSolution
		SolutionGuid = {4B16AF3B-8599-4778-8808-BBADB89124C3}
	EndGlobalSection
EndGlobal
